// !$*UTF8*$!
{
	archiveVersion = 1;
	classes = {
	};
	objectVersion = 55;
	objects = {

/* Begin PBXBuildFile section */
		D6B8F6E927B6D9D000A4866E /* AppDelegate.swift in Sources */ = {isa = PBXBuildFile; fileRef = D6B8F6E827B6D9D000A4866E /* AppDelegate.swift */; };
		D6B8F6EB27B6D9D000A4866E /* SceneDelegate.swift in Sources */ = {isa = PBXBuildFile; fileRef = D6B8F6EA27B6D9D000A4866E /* SceneDelegate.swift */; };
		D6B8F6ED27B6D9D000A4866E /* ViewController.swift in Sources */ = {isa = PBXBuildFile; fileRef = D6B8F6EC27B6D9D000A4866E /* ViewController.swift */; };
		D6B8F6F027B6D9D000A4866E /* Main.storyboard in Resources */ = {isa = PBXBuildFile; fileRef = D6B8F6EE27B6D9D000A4866E /* Main.storyboard */; };
		D6B8F6F227B6D9D500A4866E /* Assets.xcassets in Resources */ = {isa = PBXBuildFile; fileRef = D6B8F6F127B6D9D500A4866E /* Assets.xcassets */; };
		D6B8F6F527B6D9D500A4866E /* LaunchScreen.storyboard in Resources */ = {isa = PBXBuildFile; fileRef = D6B8F6F327B6D9D500A4866E /* LaunchScreen.storyboard */; };
		D6B8F70027B6D9D500A4866E /* PlaceTipsTests.swift in Sources */ = {isa = PBXBuildFile; fileRef = D6B8F6FF27B6D9D500A4866E /* PlaceTipsTests.swift */; };
		D6B8F70A27B6D9D500A4866E /* PlaceTipsUITests.swift in Sources */ = {isa = PBXBuildFile; fileRef = D6B8F70927B6D9D500A4866E /* PlaceTipsUITests.swift */; };
		D6B8F70C27B6D9D500A4866E /* PlaceTipsUITestsLaunchTests.swift in Sources */ = {isa = PBXBuildFile; fileRef = D6B8F70B27B6D9D500A4866E /* PlaceTipsUITestsLaunchTests.swift */; };
/* End PBXBuildFile section */

/* Begin PBXContainerItemProxy section */
		D6B8F6FC27B6D9D500A4866E /* PBXContainerItemProxy */ = {
			isa = PBXContainerItemProxy;
			containerPortal = D6B8F6DD27B6D9D000A4866E /* Project object */;
			proxyType = 1;
			remoteGlobalIDString = D6B8F6E427B6D9D000A4866E;
			remoteInfo = PlaceTips;
		};
		D6B8F70627B6D9D500A4866E /* PBXContainerItemProxy */ = {
			isa = PBXContainerItemProxy;
			containerPortal = D6B8F6DD27B6D9D000A4866E /* Project object */;
			proxyType = 1;
			remoteGlobalIDString = D6B8F6E427B6D9D000A4866E;
			remoteInfo = PlaceTips;
		};
/* End PBXContainerItemProxy section */

/* Begin PBXFileReference section */
		D6B8F6E527B6D9D000A4866E /* PlaceTips.app */ = {isa = PBXFileReference; explicitFileType = wrapper.application; includeInIndex = 0; path = PlaceTips.app; sourceTree = BUILT_PRODUCTS_DIR; };
		D6B8F6E827B6D9D000A4866E /* AppDelegate.swift */ = {isa = PBXFileReference; lastKnownFileType = sourcecode.swift; path = AppDelegate.swift; sourceTree = "<group>"; };
		D6B8F6EA27B6D9D000A4866E /* SceneDelegate.swift */ = {isa = PBXFileReference; lastKnownFileType = sourcecode.swift; path = SceneDelegate.swift; sourceTree = "<group>"; };
		D6B8F6EC27B6D9D000A4866E /* ViewController.swift */ = {isa = PBXFileReference; lastKnownFileType = sourcecode.swift; path = ViewController.swift; sourceTree = "<group>"; };
		D6B8F6EF27B6D9D000A4866E /* Base */ = {isa = PBXFileReference; lastKnownFileType = file.storyboard; name = Base; path = Base.lproj/Main.storyboard; sourceTree = "<group>"; };
		D6B8F6F127B6D9D500A4866E /* Assets.xcassets */ = {isa = PBXFileReference; lastKnownFileType = folder.assetcatalog; path = Assets.xcassets; sourceTree = "<group>"; };
		D6B8F6F427B6D9D500A4866E /* Base */ = {isa = PBXFileReference; lastKnownFileType = file.storyboard; name = Base; path = Base.lproj/LaunchScreen.storyboard; sourceTree = "<group>"; };
		D6B8F6F627B6D9D500A4866E /* Info.plist */ = {isa = PBXFileReference; lastKnownFileType = text.plist.xml; path = Info.plist; sourceTree = "<group>"; };
		D6B8F6FB27B6D9D500A4866E /* PlaceTipsTests.xctest */ = {isa = PBXFileReference; explicitFileType = wrapper.cfbundle; includeInIndex = 0; path = PlaceTipsTests.xctest; sourceTree = BUILT_PRODUCTS_DIR; };
		D6B8F6FF27B6D9D500A4866E /* PlaceTipsTests.swift */ = {isa = PBXFileReference; lastKnownFileType = sourcecode.swift; path = PlaceTipsTests.swift; sourceTree = "<group>"; };
		D6B8F70527B6D9D500A4866E /* PlaceTipsUITests.xctest */ = {isa = PBXFileReference; explicitFileType = wrapper.cfbundle; includeInIndex = 0; path = PlaceTipsUITests.xctest; sourceTree = BUILT_PRODUCTS_DIR; };
		D6B8F70927B6D9D500A4866E /* PlaceTipsUITests.swift */ = {isa = PBXFileReference; lastKnownFileType = sourcecode.swift; path = PlaceTipsUITests.swift; sourceTree = "<group>"; };
		D6B8F70B27B6D9D500A4866E /* PlaceTipsUITestsLaunchTests.swift */ = {isa = PBXFileReference; lastKnownFileType = sourcecode.swift; path = PlaceTipsUITestsLaunchTests.swift; sourceTree = "<group>"; };
/* End PBXFileReference section */

/* Begin PBXFrameworksBuildPhase section */
		D6B8F6E227B6D9D000A4866E /* Frameworks */ = {
			isa = PBXFrameworksBuildPhase;
			buildActionMask = 2147483647;
			files = (
			);
			runOnlyForDeploymentPostprocessing = 0;
		};
		D6B8F6F827B6D9D500A4866E /* Frameworks */ = {
			isa = PBXFrameworksBuildPhase;
			buildActionMask = 2147483647;
			files = (
			);
			runOnlyForDeploymentPostprocessing = 0;
		};
		D6B8F70227B6D9D500A4866E /* Frameworks */ = {
			isa = PBXFrameworksBuildPhase;
			buildActionMask = 2147483647;
			files = (
			);
			runOnlyForDeploymentPostprocessing = 0;
		};
/* End PBXFrameworksBuildPhase section */

/* Begin PBXGroup section */
		D6B8F6DC27B6D9D000A4866E = {
			isa = PBXGroup;
			children = (
				D6B8F6E727B6D9D000A4866E /* PlaceTips */,
				D6B8F6FE27B6D9D500A4866E /* PlaceTipsTests */,
				D6B8F70827B6D9D500A4866E /* PlaceTipsUITests */,
				D6B8F6E627B6D9D000A4866E /* Products */,
			);
			sourceTree = "<group>";
		};
		D6B8F6E627B6D9D000A4866E /* Products */ = {
			isa = PBXGroup;
			children = (
				D6B8F6E527B6D9D000A4866E /* PlaceTips.app */,
				D6B8F6FB27B6D9D500A4866E /* PlaceTipsTests.xctest */,
				D6B8F70527B6D9D500A4866E /* PlaceTipsUITests.xctest */,
			);
			name = Products;
			sourceTree = "<group>";
		};
		D6B8F6E727B6D9D000A4866E /* PlaceTips */ = {
			isa = PBXGroup;
			children = (
				D6B8F6E827B6D9D000A4866E /* AppDelegate.swift */,
				D6B8F6EA27B6D9D000A4866E /* SceneDelegate.swift */,
				D6B8F6EC27B6D9D000A4866E /* ViewController.swift */,
				D6B8F6EE27B6D9D000A4866E /* Main.storyboard */,
				D6B8F6F127B6D9D500A4866E /* Assets.xcassets */,
				D6B8F6F327B6D9D500A4866E /* LaunchScreen.storyboard */,
				D6B8F6F627B6D9D500A4866E /* Info.plist */,
			);
			path = PlaceTips;
			sourceTree = "<group>";
		};
		D6B8F6FE27B6D9D500A4866E /* PlaceTipsTests */ = {
			isa = PBXGroup;
			children = (
				D6B8F6FF27B6D9D500A4866E /* PlaceTipsTests.swift */,
			);
			path = PlaceTipsTests;
			sourceTree = "<group>";
		};
		D6B8F70827B6D9D500A4866E /* PlaceTipsUITests */ = {
			isa = PBXGroup;
			children = (
				D6B8F70927B6D9D500A4866E /* PlaceTipsUITests.swift */,
				D6B8F70B27B6D9D500A4866E /* PlaceTipsUITestsLaunchTests.swift */,
			);
			path = PlaceTipsUITests;
			sourceTree = "<group>";
		};
/* End PBXGroup section */

/* Begin PBXNativeTarget section */
		D6B8F6E427B6D9D000A4866E /* PlaceTips */ = {
			isa = PBXNativeTarget;
			buildConfigurationList = D6B8F70F27B6D9D600A4866E /* Build configuration list for PBXNativeTarget "PlaceTips" */;
			buildPhases = (
				D6B8F6E127B6D9D000A4866E /* Sources */,
				D6B8F6E227B6D9D000A4866E /* Frameworks */,
				D6B8F6E327B6D9D000A4866E /* Resources */,
			);
			buildRules = (
			);
			dependencies = (
			);
			name = PlaceTips;
			productName = PlaceTips;
			productReference = D6B8F6E527B6D9D000A4866E /* PlaceTips.app */;
			productType = "com.apple.product-type.application";
		};
		D6B8F6FA27B6D9D500A4866E /* PlaceTipsTests */ = {
			isa = PBXNativeTarget;
			buildConfigurationList = D6B8F71227B6D9D600A4866E /* Build configuration list for PBXNativeTarget "PlaceTipsTests" */;
			buildPhases = (
				D6B8F6F727B6D9D500A4866E /* Sources */,
				D6B8F6F827B6D9D500A4866E /* Frameworks */,
				D6B8F6F927B6D9D500A4866E /* Resources */,
			);
			buildRules = (
			);
			dependencies = (
				D6B8F6FD27B6D9D500A4866E /* PBXTargetDependency */,
			);
			name = PlaceTipsTests;
			productName = PlaceTipsTests;
			productReference = D6B8F6FB27B6D9D500A4866E /* PlaceTipsTests.xctest */;
			productType = "com.apple.product-type.bundle.unit-test";
		};
		D6B8F70427B6D9D500A4866E /* PlaceTipsUITests */ = {
			isa = PBXNativeTarget;
			buildConfigurationList = D6B8F71527B6D9D600A4866E /* Build configuration list for PBXNativeTarget "PlaceTipsUITests" */;
			buildPhases = (
				D6B8F70127B6D9D500A4866E /* Sources */,
				D6B8F70227B6D9D500A4866E /* Frameworks */,
				D6B8F70327B6D9D500A4866E /* Resources */,
			);
			buildRules = (
			);
			dependencies = (
				D6B8F70727B6D9D500A4866E /* PBXTargetDependency */,
			);
			name = PlaceTipsUITests;
			productName = PlaceTipsUITests;
			productReference = D6B8F70527B6D9D500A4866E /* PlaceTipsUITests.xctest */;
			productType = "com.apple.product-type.bundle.ui-testing";
		};
/* End PBXNativeTarget section */

/* Begin PBXProject section */
		D6B8F6DD27B6D9D000A4866E /* Project object */ = {
			isa = PBXProject;
			attributes = {
				BuildIndependentTargetsInParallel = 1;
				LastSwiftUpdateCheck = 1320;
				LastUpgradeCheck = 1320;
				TargetAttributes = {
					D6B8F6E427B6D9D000A4866E = {
						CreatedOnToolsVersion = 13.2.1;
					};
					D6B8F6FA27B6D9D500A4866E = {
						CreatedOnToolsVersion = 13.2.1;
						TestTargetID = D6B8F6E427B6D9D000A4866E;
					};
					D6B8F70427B6D9D500A4866E = {
						CreatedOnToolsVersion = 13.2.1;
						TestTargetID = D6B8F6E427B6D9D000A4866E;
					};
				};
			};
			buildConfigurationList = D6B8F6E027B6D9D000A4866E /* Build configuration list for PBXProject "PlaceTips" */;
			compatibilityVersion = "Xcode 13.0";
			developmentRegion = en;
			hasScannedForEncodings = 0;
			knownRegions = (
				en,
				Base,
			);
			mainGroup = D6B8F6DC27B6D9D000A4866E;
			productRefGroup = D6B8F6E627B6D9D000A4866E /* Products */;
			projectDirPath = "";
			projectRoot = "";
			targets = (
				D6B8F6E427B6D9D000A4866E /* PlaceTips */,
				D6B8F6FA27B6D9D500A4866E /* PlaceTipsTests */,
				D6B8F70427B6D9D500A4866E /* PlaceTipsUITests */,
			);
		};
/* End PBXProject section */

/* Begin PBXResourcesBuildPhase section */
		D6B8F6E327B6D9D000A4866E /* Resources */ = {
			isa = PBXResourcesBuildPhase;
			buildActionMask = 2147483647;
			files = (
				D6B8F6F527B6D9D500A4866E /* LaunchScreen.storyboard in Resources */,
				D6B8F6F227B6D9D500A4866E /* Assets.xcassets in Resources */,
				D6B8F6F027B6D9D000A4866E /* Main.storyboard in Resources */,
			);
			runOnlyForDeploymentPostprocessing = 0;
		};
		D6B8F6F927B6D9D500A4866E /* Resources */ = {
			isa = PBXResourcesBuildPhase;
			buildActionMask = 2147483647;
			files = (
			);
			runOnlyForDeploymentPostprocessing = 0;
		};
		D6B8F70327B6D9D500A4866E /* Resources */ = {
			isa = PBXResourcesBuildPhase;
			buildActionMask = 2147483647;
			files = (
			);
			runOnlyForDeploymentPostprocessing = 0;
		};
/* End PBXResourcesBuildPhase section */

/* Begin PBXSourcesBuildPhase section */
		D6B8F6E127B6D9D000A4866E /* Sources */ = {
			isa = PBXSourcesBuildPhase;
			buildActionMask = 2147483647;
			files = (
				D6B8F6ED27B6D9D000A4866E /* ViewController.swift in Sources */,
				D6B8F6E927B6D9D000A4866E /* AppDelegate.swift in Sources */,
				D6B8F6EB27B6D9D000A4866E /* SceneDelegate.swift in Sources */,
			);
			runOnlyForDeploymentPostprocessing = 0;
		};
		D6B8F6F727B6D9D500A4866E /* Sources */ = {
			isa = PBXSourcesBuildPhase;
			buildActionMask = 2147483647;
			files = (
				D6B8F70027B6D9D500A4866E /* PlaceTipsTests.swift in Sources */,
			);
			runOnlyForDeploymentPostprocessing = 0;
		};
		D6B8F70127B6D9D500A4866E /* Sources */ = {
			isa = PBXSourcesBuildPhase;
			buildActionMask = 2147483647;
			files = (
				D6B8F70C27B6D9D500A4866E /* PlaceTipsUITestsLaunchTests.swift in Sources */,
				D6B8F70A27B6D9D500A4866E /* PlaceTipsUITests.swift in Sources */,
			);
			runOnlyForDeploymentPostprocessing = 0;
		};
/* End PBXSourcesBuildPhase section */

/* Begin PBXTargetDependency section */
		D6B8F6FD27B6D9D500A4866E /* PBXTargetDependency */ = {
			isa = PBXTargetDependency;
			target = D6B8F6E427B6D9D000A4866E /* PlaceTips */;
			targetProxy = D6B8F6FC27B6D9D500A4866E /* PBXContainerItemProxy */;
		};
		D6B8F70727B6D9D500A4866E /* PBXTargetDependency */ = {
			isa = PBXTargetDependency;
			target = D6B8F6E427B6D9D000A4866E /* PlaceTips */;
			targetProxy = D6B8F70627B6D9D500A4866E /* PBXContainerItemProxy */;
		};
/* End PBXTargetDependency section */

/* Begin PBXVariantGroup section */
		D6B8F6EE27B6D9D000A4866E /* Main.storyboard */ = {
			isa = PBXVariantGroup;
			children = (
				D6B8F6EF27B6D9D000A4866E /* Base */,
			);
			name = Main.storyboard;
			sourceTree = "<group>";
		};
		D6B8F6F327B6D9D500A4866E /* LaunchScreen.storyboard */ = {
			isa = PBXVariantGroup;
			children = (
				D6B8F6F427B6D9D500A4866E /* Base */,
			);
			name = LaunchScreen.storyboard;
			sourceTree = "<group>";
		};
/* End PBXVariantGroup section */

/* Begin XCBuildConfiguration section */
		D6B8F70D27B6D9D600A4866E /* Debug */ = {
			isa = XCBuildConfiguration;
			buildSettings = {
				ALWAYS_SEARCH_USER_PATHS = NO;
				CLANG_ANALYZER_NONNULL = YES;
				CLANG_ANALYZER_NUMBER_OBJECT_CONVERSION = YES_AGGRESSIVE;
				CLANG_CXX_LANGUAGE_STANDARD = "gnu++17";
				CLANG_CXX_LIBRARY = "libc++";
				CLANG_ENABLE_MODULES = YES;
				CLANG_ENABLE_OBJC_ARC = YES;
				CLANG_ENABLE_OBJC_WEAK = YES;
				CLANG_WARN_BLOCK_CAPTURE_AUTORELEASING = YES;
				CLANG_WARN_BOOL_CONVERSION = YES;
				CLANG_WARN_COMMA = YES;
				CLANG_WARN_CONSTANT_CONVERSION = YES;
				CLANG_WARN_DEPRECATED_OBJC_IMPLEMENTATIONS = YES;
				CLANG_WARN_DIRECT_OBJC_ISA_USAGE = YES_ERROR;
				CLANG_WARN_DOCUMENTATION_COMMENTS = YES;
				CLANG_WARN_EMPTY_BODY = YES;
				CLANG_WARN_ENUM_CONVERSION = YES;
				CLANG_WARN_INFINITE_RECURSION = YES;
				CLANG_WARN_INT_CONVERSION = YES;
				CLANG_WARN_NON_LITERAL_NULL_CONVERSION = YES;
				CLANG_WARN_OBJC_IMPLICIT_RETAIN_SELF = YES;
				CLANG_WARN_OBJC_LITERAL_CONVERSION = YES;
				CLANG_WARN_OBJC_ROOT_CLASS = YES_ERROR;
				CLANG_WARN_QUOTED_INCLUDE_IN_FRAMEWORK_HEADER = YES;
				CLANG_WARN_RANGE_LOOP_ANALYSIS = YES;
				CLANG_WARN_STRICT_PROTOTYPES = YES;
				CLANG_WARN_SUSPICIOUS_MOVE = YES;
				CLANG_WARN_UNGUARDED_AVAILABILITY = YES_AGGRESSIVE;
				CLANG_WARN_UNREACHABLE_CODE = YES;
				CLANG_WARN__DUPLICATE_METHOD_MATCH = YES;
				COPY_PHASE_STRIP = NO;
				DEBUG_INFORMATION_FORMAT = dwarf;
				ENABLE_STRICT_OBJC_MSGSEND = YES;
				ENABLE_TESTABILITY = YES;
				GCC_C_LANGUAGE_STANDARD = gnu11;
				GCC_DYNAMIC_NO_PIC = NO;
				GCC_NO_COMMON_BLOCKS = YES;
				GCC_OPTIMIZATION_LEVEL = 0;
				GCC_PREPROCESSOR_DEFINITIONS = (
					"DEBUG=1",
					"$(inherited)",
				);
				GCC_WARN_64_TO_32_BIT_CONVERSION = YES;
				GCC_WARN_ABOUT_RETURN_TYPE = YES_ERROR;
				GCC_WARN_UNDECLARED_SELECTOR = YES;
				GCC_WARN_UNINITIALIZED_AUTOS = YES_AGGRESSIVE;
				GCC_WARN_UNUSED_FUNCTION = YES;
				GCC_WARN_UNUSED_VARIABLE = YES;
				IPHONEOS_DEPLOYMENT_TARGET = 15.2;
				MTL_ENABLE_DEBUG_INFO = INCLUDE_SOURCE;
				MTL_FAST_MATH = YES;
				ONLY_ACTIVE_ARCH = YES;
				SDKROOT = iphoneos;
				SWIFT_ACTIVE_COMPILATION_CONDITIONS = DEBUG;
				SWIFT_OPTIMIZATION_LEVEL = "-Onone";
			};
			name = Debug;
		};
		D6B8F70E27B6D9D600A4866E /* Release */ = {
			isa = XCBuildConfiguration;
			buildSettings = {
				ALWAYS_SEARCH_USER_PATHS = NO;
				CLANG_ANALYZER_NONNULL = YES;
				CLANG_ANALYZER_NUMBER_OBJECT_CONVERSION = YES_AGGRESSIVE;
				CLANG_CXX_LANGUAGE_STANDARD = "gnu++17";
				CLANG_CXX_LIBRARY = "libc++";
				CLANG_ENABLE_MODULES = YES;
				CLANG_ENABLE_OBJC_ARC = YES;
				CLANG_ENABLE_OBJC_WEAK = YES;
				CLANG_WARN_BLOCK_CAPTURE_AUTORELEASING = YES;
				CLANG_WARN_BOOL_CONVERSION = YES;
				CLANG_WARN_COMMA = YES;
				CLANG_WARN_CONSTANT_CONVERSION = YES;
				CLANG_WARN_DEPRECATED_OBJC_IMPLEMENTATIONS = YES;
				CLANG_WARN_DIRECT_OBJC_ISA_USAGE = YES_ERROR;
				CLANG_WARN_DOCUMENTATION_COMMENTS = YES;
				CLANG_WARN_EMPTY_BODY = YES;
				CLANG_WARN_ENUM_CONVERSION = YES;
				CLANG_WARN_INFINITE_RECURSION = YES;
				CLANG_WARN_INT_CONVERSION = YES;
				CLANG_WARN_NON_LITERAL_NULL_CONVERSION = YES;
				CLANG_WARN_OBJC_IMPLICIT_RETAIN_SELF = YES;
				CLANG_WARN_OBJC_LITERAL_CONVERSION = YES;
				CLANG_WARN_OBJC_ROOT_CLASS = YES_ERROR;
				CLANG_WARN_QUOTED_INCLUDE_IN_FRAMEWORK_HEADER = YES;
				CLANG_WARN_RANGE_LOOP_ANALYSIS = YES;
				CLANG_WARN_STRICT_PROTOTYPES = YES;
				CLANG_WARN_SUSPICIOUS_MOVE = YES;
				CLANG_WARN_UNGUARDED_AVAILABILITY = YES_AGGRESSIVE;
				CLANG_WARN_UNREACHABLE_CODE = YES;
				CLANG_WARN__DUPLICATE_METHOD_MATCH = YES;
				COPY_PHASE_STRIP = NO;
				DEBUG_INFORMATION_FORMAT = "dwarf-with-dsym";
				ENABLE_NS_ASSERTIONS = NO;
				ENABLE_STRICT_OBJC_MSGSEND = YES;
				GCC_C_LANGUAGE_STANDARD = gnu11;
				GCC_NO_COMMON_BLOCKS = YES;
				GCC_WARN_64_TO_32_BIT_CONVERSION = YES;
				GCC_WARN_ABOUT_RETURN_TYPE = YES_ERROR;
				GCC_WARN_UNDECLARED_SELECTOR = YES;
				GCC_WARN_UNINITIALIZED_AUTOS = YES_AGGRESSIVE;
				GCC_WARN_UNUSED_FUNCTION = YES;
				GCC_WARN_UNUSED_VARIABLE = YES;
				IPHONEOS_DEPLOYMENT_TARGET = 15.2;
				MTL_ENABLE_DEBUG_INFO = NO;
				MTL_FAST_MATH = YES;
				SDKROOT = iphoneos;
				SWIFT_COMPILATION_MODE = wholemodule;
				SWIFT_OPTIMIZATION_LEVEL = "-O";
				VALIDATE_PRODUCT = YES;
			};
			name = Release;
		};
		D6B8F71027B6D9D600A4866E /* Debug */ = {
			isa = XCBuildConfiguration;
			buildSettings = {
				ASSETCATALOG_COMPILER_APPICON_NAME = AppIcon;
				ASSETCATALOG_COMPILER_GLOBAL_ACCENT_COLOR_NAME = AccentColor;
				CODE_SIGN_STYLE = Automatic;
				CURRENT_PROJECT_VERSION = 1;
				DEVELOPMENT_TEAM = Z6S52L578H;
				GENERATE_INFOPLIST_FILE = YES;
				INFOPLIST_FILE = PlaceTips/Info.plist;
				INFOPLIST_KEY_UIApplicationSupportsIndirectInputEvents = YES;
				INFOPLIST_KEY_UILaunchStoryboardName = LaunchScreen;
				INFOPLIST_KEY_UIMainStoryboardFile = Main;
				INFOPLIST_KEY_UISupportedInterfaceOrientations_iPad = "UIInterfaceOrientationPortrait UIInterfaceOrientationPortraitUpsideDown UIInterfaceOrientationLandscapeLeft UIInterfaceOrientationLandscapeRight";
				INFOPLIST_KEY_UISupportedInterfaceOrientations_iPhone = "UIInterfaceOrientationPortrait UIInterfaceOrientationLandscapeLeft UIInterfaceOrientationLandscapeRight";
				LD_RUNPATH_SEARCH_PATHS = (
					"$(inherited)",
					"@executable_path/Frameworks",
				);
				MARKETING_VERSION = 1.0;
				PRODUCT_BUNDLE_IDENTIFIER = Shomen.PlaceTips;
				PRODUCT_NAME = "$(TARGET_NAME)";
				SWIFT_EMIT_LOC_STRINGS = YES;
				SWIFT_VERSION = 5.0;
				TARGETED_DEVICE_FAMILY = "1,2";
			};
			name = Debug;
		};
		D6B8F71127B6D9D600A4866E /* Release */ = {
			isa = XCBuildConfiguration;
			buildSettings = {
				ASSETCATALOG_COMPILER_APPICON_NAME = AppIcon;
				ASSETCATALOG_COMPILER_GLOBAL_ACCENT_COLOR_NAME = AccentColor;
				CODE_SIGN_STYLE = Automatic;
				CURRENT_PROJECT_VERSION = 1;
				DEVELOPMENT_TEAM = Z6S52L578H;
				GENERATE_INFOPLIST_FILE = YES;
				INFOPLIST_FILE = PlaceTips/Info.plist;
				INFOPLIST_KEY_UIApplicationSupportsIndirectInputEvents = YES;
				INFOPLIST_KEY_UILaunchStoryboardName = LaunchScreen;
				INFOPLIST_KEY_UIMainStoryboardFile = Main;
				INFOPLIST_KEY_UISupportedInterfaceOrientations_iPad = "UIInterfaceOrientationPortrait UIInterfaceOrientationPortraitUpsideDown UIInterfaceOrientationLandscapeLeft UIInterfaceOrientationLandscapeRight";
				INFOPLIST_KEY_UISupportedInterfaceOrientations_iPhone = "UIInterfaceOrientationPortrait UIInterfaceOrientationLandscapeLeft UIInterfaceOrientationLandscapeRight";
				LD_RUNPATH_SEARCH_PATHS = (
					"$(inherited)",
					"@executable_path/Frameworks",
				);
				MARKETING_VERSION = 1.0;
				PRODUCT_BUNDLE_IDENTIFIER = Shomen.PlaceTips;
				PRODUCT_NAME = "$(TARGET_NAME)";
				SWIFT_EMIT_LOC_STRINGS = YES;
				SWIFT_VERSION = 5.0;
				TARGETED_DEVICE_FAMILY = "1,2";
			};
			name = Release;
		};
		D6B8F71327B6D9D600A4866E /* Debug */ = {
			isa = XCBuildConfiguration;
			buildSettings = {
				ALWAYS_EMBED_SWIFT_STANDARD_LIBRARIES = YES;
				BUNDLE_LOADER = "$(TEST_HOST)";
				CODE_SIGN_STYLE = Automatic;
				CURRENT_PROJECT_VERSION = 1;
				DEVELOPMENT_TEAM = Z6S52L578H;
				GENERATE_INFOPLIST_FILE = YES;
				IPHONEOS_DEPLOYMENT_TARGET = 15.2;
				MARKETING_VERSION = 1.0;
				PRODUCT_BUNDLE_IDENTIFIER = Shomen.PlaceTipsTests;
				PRODUCT_NAME = "$(TARGET_NAME)";
				SWIFT_EMIT_LOC_STRINGS = NO;
				SWIFT_VERSION = 5.0;
				TARGETED_DEVICE_FAMILY = "1,2";
				TEST_HOST = "$(BUILT_PRODUCTS_DIR)/PlaceTips.app/PlaceTips";
			};
			name = Debug;
		};
		D6B8F71427B6D9D600A4866E /* Release */ = {
			isa = XCBuildConfiguration;
			buildSettings = {
				ALWAYS_EMBED_SWIFT_STANDARD_LIBRARIES = YES;
				BUNDLE_LOADER = "$(TEST_HOST)";
				CODE_SIGN_STYLE = Automatic;
				CURRENT_PROJECT_VERSION = 1;
				DEVELOPMENT_TEAM = Z6S52L578H;
				GENERATE_INFOPLIST_FILE = YES;
				IPHONEOS_DEPLOYMENT_TARGET = 15.2;
				MARKETING_VERSION = 1.0;
				PRODUCT_BUNDLE_IDENTIFIER = Shomen.PlaceTipsTests;
				PRODUCT_NAME = "$(TARGET_NAME)";
				SWIFT_EMIT_LOC_STRINGS = NO;
				SWIFT_VERSION = 5.0;
				TARGETED_DEVICE_FAMILY = "1,2";
				TEST_HOST = "$(BUILT_PRODUCTS_DIR)/PlaceTips.app/PlaceTips";
			};
			name = Release;
		};
		D6B8F71627B6D9D600A4866E /* Debug */ = {
			isa = XCBuildConfiguration;
			buildSettings = {
				ALWAYS_EMBED_SWIFT_STANDARD_LIBRARIES = YES;
				CODE_SIGN_STYLE = Automatic;
				CURRENT_PROJECT_VERSION = 1;
				DEVELOPMENT_TEAM = Z6S52L578H;
				GENERATE_INFOPLIST_FILE = YES;
				MARKETING_VERSION = 1.0;
				PRODUCT_BUNDLE_IDENTIFIER = Shomen.PlaceTipsUITests;
				PRODUCT_NAME = "$(TARGET_NAME)";
				SWIFT_EMIT_LOC_STRINGS = NO;
				SWIFT_VERSION = 5.0;
				TARGETED_DEVICE_FAMILY = "1,2";
				TEST_TARGET_NAME = PlaceTips;
			};
			name = Debug;
		};
		D6B8F71727B6D9D600A4866E /* Release */ = {
			isa = XCBuildConfiguration;
			buildSettings = {
				ALWAYS_EMBED_SWIFT_STANDARD_LIBRARIES = YES;
				CODE_SIGN_STYLE = Automatic;
				CURRENT_PROJECT_VERSION = 1;
				DEVELOPMENT_TEAM = Z6S52L578H;
				GENERATE_INFOPLIST_FILE = YES;
				MARKETING_VERSION = 1.0;
				PRODUCT_BUNDLE_IDENTIFIER = Shomen.PlaceTipsUITests;
				PRODUCT_NAME = "$(TARGET_NAME)";
				SWIFT_EMIT_LOC_STRINGS = NO;
				SWIFT_VERSION = 5.0;
				TARGETED_DEVICE_FAMILY = "1,2";
				TEST_TARGET_NAME = PlaceTips;
			};
			name = Release;
		};
/* End XCBuildConfiguration section */

/* Begin XCConfigurationList section */
		D6B8F6E027B6D9D000A4866E /* Build configuration list for PBXProject "PlaceTips" */ = {
			isa = XCConfigurationList;
			buildConfigurations = (
				D6B8F70D27B6D9D600A4866E /* Debug */,
				D6B8F70E27B6D9D600A4866E /* Release */,
			);
			defaultConfigurationIsVisible = 0;
			defaultConfigurationName = Release;
		};
		D6B8F70F27B6D9D600A4866E /* Build configuration list for PBXNativeTarget "PlaceTips" */ = {
			isa = XCConfigurationList;
			buildConfigurations = (
				D6B8F71027B6D9D600A4866E /* Debug */,
				D6B8F71127B6D9D600A4866E /* Release */,
			);
			defaultConfigurationIsVisible = 0;
			defaultConfigurationName = Release;
		};
		D6B8F71227B6D9D600A4866E /* Build configuration list for PBXNativeTarget "PlaceTipsTests" */ = {
			isa = XCConfigurationList;
			buildConfigurations = (
				D6B8F71327B6D9D600A4866E /* Debug */,
				D6B8F71427B6D9D600A4866E /* Release */,
			);
			defaultConfigurationIsVisible = 0;
			defaultConfigurationName = Release;
		};
		D6B8F71527B6D9D600A4866E /* Build configuration list for PBXNativeTarget "PlaceTipsUITests" */ = {
			isa = XCConfigurationList;
			buildConfigurations = (
				D6B8F71627B6D9D600A4866E /* Debug */,
				D6B8F71727B6D9D600A4866E /* Release */,
			);
			defaultConfigurationIsVisible = 0;
			defaultConfigurationName = Release;
		};
/* End XCConfigurationList section */
	};
	rootObject = D6B8F6DD27B6D9D000A4866E /* Project object */;
}
